
Microsoft Visual Studio Solution File, Format Version 12.00
# Visual Studio Version 16
VisualStudioVersion = 16.0.31729.503
MinimumVisualStudioVersion = 10.0.40219.1
Project("{FAE04EC0-301F-11D3-BF4B-00C04F79EFBC}") = "vs-2019-github-user-experience", "vs-2019-github-user-experience\vs-2019-github-user-experience.csproj", "{675682B3-A160-48C1-ABFA-EB2902C914F1}"
EndProject
Global
	GlobalSection(SolutionConfigurationPlatforms) = preSolution
		Debug|Any CPU = Debug|Any CPU
		Release|Any CPU = Release|Any CPU
	EndGlobalSection
	GlobalSection(ProjectConfigurationPlatforms) = postSolution
		{675682B3-A160-48C1-ABFA-EB2902C914F1}.Debug|Any CPU.ActiveCfg = Debug|Any CPU
		{675682B3-A160-48C1-ABFA-EB2902C914F1}.Debug|Any CPU.Build.0 = Debug|Any CPU
		{675682B3-A160-48C1-ABFA-EB2902C914F1}.Release|Any CPU.ActiveCfg = Release|Any CPU
		{675682B3-A160-48C1-ABFA-EB2902C914F1}.Release|Any CPU.Build.0 = Release|Any CPU
	EndGlobalSection
	GlobalSection(SolutionProperties) = preSolution
		HideSolutionNode = FALSE
	EndGlobalSection
	GlobalSection(ExtensibilityGlobals) = postSolution
		SolutionGuid = {46348E21-7704-4B76-B77A-7596FC686294}
	EndGlobalSection
EndGlobal
